
Microsoft Visual Studio Solution File, Format Version 12.00
# Visual Studio Version 17
VisualStudioVersion = 17.2.32616.157
MinimumVisualStudioVersion = 10.0.40219.1
Project("{FAE04EC0-301F-11D3-BF4B-00C04F79EFBC}") = "FashionBoutique", "FashionBoutique\FashionBoutique.csproj", "{2CFAE0CA-3358-4691-9126-87B15D23AA4B}"
EndProject
Global
	GlobalSection(SolutionConfigurationPlatforms) = preSolution
		Debug|Any CPU = Debug|Any CPU
		Release|Any CPU = Release|Any CPU
	EndGlobalSection
	GlobalSection(ProjectConfigurationPlatforms) = postSolution
		{2CFAE0CA-3358-4691-9126-87B15D23AA4B}.Debug|Any CPU.ActiveCfg = Debug|Any CPU
		{2CFAE0CA-3358-4691-9126-87B15D23AA4B}.Debug|Any CPU.Build.0 = Debug|Any CPU
		{2CFAE0CA-3358-4691-9126-87B15D23AA4B}.Release|Any CPU.ActiveCfg = Release|Any CPU
		{2CFAE0CA-3358-4691-9126-87B15D23AA4B}.Release|Any CPU.Build.0 = Release|Any CPU
	EndGlobalSection
	GlobalSection(SolutionProperties) = preSolution
		HideSolutionNode = FALSE
	EndGlobalSection
	GlobalSection(ExtensibilityGlobals) = postSolution
		SolutionGuid = {CAF42841-65B3-4BDA-BC84-BDAF9C706196}
	EndGlobalSection
EndGlobal
