
Microsoft Visual Studio Solution File, Format Version 12.00
# Visual Studio Version 17
VisualStudioVersion = 17.2.32616.157
MinimumVisualStudioVersion = 10.0.40219.1
Project("{FAE04EC0-301F-11D3-BF4B-00C04F79EFBC}") = "BasicStackOperations", "BasicStackOperations\BasicStackOperations.csproj", "{2EAD835D-7CE8-402B-BC42-08299B03F9F6}"
EndProject
Global
	GlobalSection(SolutionConfigurationPlatforms) = preSolution
		Debug|Any CPU = Debug|Any CPU
		Release|Any CPU = Release|Any CPU
	EndGlobalSection
	GlobalSection(ProjectConfigurationPlatforms) = postSolution
		{2EAD835D-7CE8-402B-BC42-08299B03F9F6}.Debug|Any CPU.ActiveCfg = Debug|Any CPU
		{2EAD835D-7CE8-402B-BC42-08299B03F9F6}.Debug|Any CPU.Build.0 = Debug|Any CPU
		{2EAD835D-7CE8-402B-BC42-08299B03F9F6}.Release|Any CPU.ActiveCfg = Release|Any CPU
		{2EAD835D-7CE8-402B-BC42-08299B03F9F6}.Release|Any CPU.Build.0 = Release|Any CPU
	EndGlobalSection
	GlobalSection(SolutionProperties) = preSolution
		HideSolutionNode = FALSE
	EndGlobalSection
	GlobalSection(ExtensibilityGlobals) = postSolution
		SolutionGuid = {A7D6416B-9A67-4A77-A070-37AAC135E17D}
	EndGlobalSection
EndGlobal
